
Microsoft Visual Studio Solution File, Format Version 12.00
# Visual Studio Version 16
VisualStudioVersion = 16.0.33529.622
MinimumVisualStudioVersion = 10.0.40219.1
Project("{FAE04EC0-301F-11D3-BF4B-00C04F79EFBC}") = "APIWebTarjetaCuenta", "APIWebTarjetaCuenta\APIWebTarjetaCuenta.csproj", "{920903E6-E4C8-4FF2-8ED3-56299C94FFCF}"
EndProject
Project("{FAE04EC0-301F-11D3-BF4B-00C04F79EFBC}") = "WebAppCuentaPT", "WebAppCuentaPT\WebAppCuentaPT.csproj", "{9F629F8E-7DA8-4B61-BD2D-BC3B13E8B6CC}"
EndProject
Global
	GlobalSection(SolutionConfigurationPlatforms) = preSolution
		Debug|Any CPU = Debug|Any CPU
		Release|Any CPU = Release|Any CPU
	EndGlobalSection
	GlobalSection(ProjectConfigurationPlatforms) = postSolution
		{920903E6-E4C8-4FF2-8ED3-56299C94FFCF}.Debug|Any CPU.ActiveCfg = Debug|Any CPU
		{920903E6-E4C8-4FF2-8ED3-56299C94FFCF}.Debug|Any CPU.Build.0 = Debug|Any CPU
		{920903E6-E4C8-4FF2-8ED3-56299C94FFCF}.Release|Any CPU.ActiveCfg = Release|Any CPU
		{920903E6-E4C8-4FF2-8ED3-56299C94FFCF}.Release|Any CPU.Build.0 = Release|Any CPU
		{9F629F8E-7DA8-4B61-BD2D-BC3B13E8B6CC}.Debug|Any CPU.ActiveCfg = Debug|Any CPU
		{9F629F8E-7DA8-4B61-BD2D-BC3B13E8B6CC}.Debug|Any CPU.Build.0 = Debug|Any CPU
		{9F629F8E-7DA8-4B61-BD2D-BC3B13E8B6CC}.Release|Any CPU.ActiveCfg = Release|Any CPU
		{9F629F8E-7DA8-4B61-BD2D-BC3B13E8B6CC}.Release|Any CPU.Build.0 = Release|Any CPU
	EndGlobalSection
	GlobalSection(SolutionProperties) = preSolution
		HideSolutionNode = FALSE
	EndGlobalSection
	GlobalSection(ExtensibilityGlobals) = postSolution
		SolutionGuid = {83736C37-61CD-4BC5-AB2E-9D9E3AB88E94}
	EndGlobalSection
EndGlobal
